
Microsoft Visual Studio Solution File, Format Version 12.00
# Visual Studio Version 16
VisualStudioVersion = 16.0.29728.190
MinimumVisualStudioVersion = 10.0.40219.1
Project("{FAE04EC0-301F-11D3-BF4B-00C04F79EFBC}") = "SampleWebAppAngular", "SampleWebAppAngular\SampleWebAppAngular.csproj", "{F4E86A63-7BA1-48D8-BDDF-9161FAA1CC0B}"
EndProject
Global
	GlobalSection(SolutionConfigurationPlatforms) = preSolution
		Debug|Any CPU = Debug|Any CPU
		Release|Any CPU = Release|Any CPU
	EndGlobalSection
	GlobalSection(ProjectConfigurationPlatforms) = postSolution
		{F4E86A63-7BA1-48D8-BDDF-9161FAA1CC0B}.Debug|Any CPU.ActiveCfg = Debug|Any CPU
		{F4E86A63-7BA1-48D8-BDDF-9161FAA1CC0B}.Debug|Any CPU.Build.0 = Debug|Any CPU
		{F4E86A63-7BA1-48D8-BDDF-9161FAA1CC0B}.Release|Any CPU.ActiveCfg = Release|Any CPU
		{F4E86A63-7BA1-48D8-BDDF-9161FAA1CC0B}.Release|Any CPU.Build.0 = Release|Any CPU
	EndGlobalSection
	GlobalSection(SolutionProperties) = preSolution
		HideSolutionNode = FALSE
	EndGlobalSection
	GlobalSection(ExtensibilityGlobals) = postSolution
		SolutionGuid = {4060ACB7-60DF-41BD-8987-2BAB26D315C1}
	EndGlobalSection
EndGlobal
